
Microsoft Visual Studio Solution File, Format Version 12.00
# Visual Studio 2017
Project("{FAE04EC0-301F-11D3-BF4B-00C04F79EFBC}") = "flyingplane", "flyingplane.csproj", "{BE236872-98DD-CF06-AAC8-ABD99FDB4D13}"
EndProject
Project("{FAE04EC0-301F-11D3-BF4B-00C04F79EFBC}") = "flyingplane.Editor", "flyingplane.Editor.csproj", "{EC5B7403-1B08-C95F-B282-55148DA5D7F2}"
EndProject
Global
	GlobalSection(SolutionConfigurationPlatforms) = preSolution
		Debug|Any CPU = Debug|Any CPU
		Release|Any CPU = Release|Any CPU
	EndGlobalSection
	GlobalSection(ProjectConfigurationPlatforms) = postSolution
		{BE236872-98DD-CF06-AAC8-ABD99FDB4D13}.Debug|Any CPU.ActiveCfg = Debug|Any CPU
		{BE236872-98DD-CF06-AAC8-ABD99FDB4D13}.Debug|Any CPU.Build.0 = Debug|Any CPU
		{BE236872-98DD-CF06-AAC8-ABD99FDB4D13}.Release|Any CPU.ActiveCfg = Release|Any CPU
		{BE236872-98DD-CF06-AAC8-ABD99FDB4D13}.Release|Any CPU.Build.0 = Release|Any CPU
		{EC5B7403-1B08-C95F-B282-55148DA5D7F2}.Debug|Any CPU.ActiveCfg = Debug|Any CPU
		{EC5B7403-1B08-C95F-B282-55148DA5D7F2}.Debug|Any CPU.Build.0 = Debug|Any CPU
		{EC5B7403-1B08-C95F-B282-55148DA5D7F2}.Release|Any CPU.ActiveCfg = Release|Any CPU
		{EC5B7403-1B08-C95F-B282-55148DA5D7F2}.Release|Any CPU.Build.0 = Release|Any CPU
	EndGlobalSection
	GlobalSection(SolutionProperties) = preSolution
		HideSolutionNode = FALSE
	EndGlobalSection
EndGlobal
